
Microsoft Visual Studio Solution File, Format Version 12.00
# Visual Studio Version 16
VisualStudioVersion = 16.0.28922.388
MinimumVisualStudioVersion = 10.0.40219.1
Project("{9A19103F-16F7-4668-BE54-9A1E7A4F7556}") = "Microsoft.CodeAnalysisP", "src\CodeAnalysisP\Microsoft.CodeAnalysisP.csproj", "{E599A002-0196-4307-876F-8AF29B13C07A}"
EndProject
Project("{9A19103F-16F7-4668-BE54-9A1E7A4F7556}") = "Microsoft.CodeAnalysisP.UnitTests", "src\CodeAnalysisPTest\Microsoft.CodeAnalysisP.UnitTests.csproj", "{2606E581-2323-4BEE-ACD8-B762124C810A}"
EndProject
Global
	GlobalSection(SolutionConfigurationPlatforms) = preSolution
		Debug|Any CPU = Debug|Any CPU
		Release|Any CPU = Release|Any CPU
	EndGlobalSection
	GlobalSection(ProjectConfigurationPlatforms) = postSolution
		{E599A002-0196-4307-876F-8AF29B13C07A}.Debug|Any CPU.ActiveCfg = Debug|Any CPU
		{E599A002-0196-4307-876F-8AF29B13C07A}.Debug|Any CPU.Build.0 = Debug|Any CPU
		{E599A002-0196-4307-876F-8AF29B13C07A}.Release|Any CPU.ActiveCfg = Release|Any CPU
		{E599A002-0196-4307-876F-8AF29B13C07A}.Release|Any CPU.Build.0 = Release|Any CPU
		{2606E581-2323-4BEE-ACD8-B762124C810A}.Debug|Any CPU.ActiveCfg = Debug|Any CPU
		{2606E581-2323-4BEE-ACD8-B762124C810A}.Debug|Any CPU.Build.0 = Debug|Any CPU
		{2606E581-2323-4BEE-ACD8-B762124C810A}.Release|Any CPU.ActiveCfg = Release|Any CPU
		{2606E581-2323-4BEE-ACD8-B762124C810A}.Release|Any CPU.Build.0 = Release|Any CPU
	EndGlobalSection
	GlobalSection(SolutionProperties) = preSolution
		HideSolutionNode = FALSE
	EndGlobalSection
	GlobalSection(ExtensibilityGlobals) = postSolution
		SolutionGuid = {9469CA0B-8CF5-4AF5-82C1-667D7D73E312}
	EndGlobalSection
EndGlobal
